
Microsoft Visual Studio Solution File, Format Version 12.00
# Visual Studio Version 17
VisualStudioVersion = 17.5.002.0
MinimumVisualStudioVersion = 10.0.40219.1
Project("{9A19103F-16F7-4668-BE54-9A1E7A4F7556}") = "stonks", "stonks.csproj", "{10060671-3D52-469F-B0E2-122CB9083396}"
EndProject
Global
	GlobalSection(SolutionConfigurationPlatforms) = preSolution
		Debug|Any CPU = Debug|Any CPU
		Release|Any CPU = Release|Any CPU
	EndGlobalSection
	GlobalSection(ProjectConfigurationPlatforms) = postSolution
		{10060671-3D52-469F-B0E2-122CB9083396}.Debug|Any CPU.ActiveCfg = Debug|Any CPU
		{10060671-3D52-469F-B0E2-122CB9083396}.Debug|Any CPU.Build.0 = Debug|Any CPU
		{10060671-3D52-469F-B0E2-122CB9083396}.Release|Any CPU.ActiveCfg = Release|Any CPU
		{10060671-3D52-469F-B0E2-122CB9083396}.Release|Any CPU.Build.0 = Release|Any CPU
	EndGlobalSection
	GlobalSection(SolutionProperties) = preSolution
		HideSolutionNode = FALSE
	EndGlobalSection
	GlobalSection(ExtensibilityGlobals) = postSolution
		SolutionGuid = {FA05E4C7-E9D8-4D94-A9F9-88D94565BE28}
	EndGlobalSection
EndGlobal
